
Microsoft Visual Studio Solution File, Format Version 12.00
# Visual Studio Version 16
VisualStudioVersion = 16.0.30804.86
MinimumVisualStudioVersion = 10.0.40219.1
Project("{FAE04EC0-301F-11D3-BF4B-00C04F79EFBC}") = "TEST", "TEST\TEST.csproj", "{8BA94B33-C563-4A57-8692-2BD80B6EA99A}"
EndProject
Global
	GlobalSection(SolutionConfigurationPlatforms) = preSolution
		Debug|Any CPU = Debug|Any CPU
		Release|Any CPU = Release|Any CPU
	EndGlobalSection
	GlobalSection(ProjectConfigurationPlatforms) = postSolution
		{8BA94B33-C563-4A57-8692-2BD80B6EA99A}.Debug|Any CPU.ActiveCfg = Debug|Any CPU
		{8BA94B33-C563-4A57-8692-2BD80B6EA99A}.Debug|Any CPU.Build.0 = Debug|Any CPU
		{8BA94B33-C563-4A57-8692-2BD80B6EA99A}.Release|Any CPU.ActiveCfg = Release|Any CPU
		{8BA94B33-C563-4A57-8692-2BD80B6EA99A}.Release|Any CPU.Build.0 = Release|Any CPU
	EndGlobalSection
	GlobalSection(SolutionProperties) = preSolution
		HideSolutionNode = FALSE
	EndGlobalSection
	GlobalSection(ExtensibilityGlobals) = postSolution
		SolutionGuid = {ED253744-849D-4434-950E-FF2AAF12A5E5}
	EndGlobalSection
EndGlobal
